
Microsoft Visual Studio Solution File, Format Version 11.00
# Visual Studio 2010
Project("{2150E333-8FDC-42A3-9474-1A3956D46DE8}") = "Solution Items", "Solution Items", "{C4321F48-0C8B-42AF-AB6A-B9AD70AC7A24}"
	ProjectSection(SolutionItems) = preProject
		include\leptonica_versionnumbers.props = include\leptonica_versionnumbers.props
		README.md = README.md
	EndProjectSection
EndProject
Project("{8BC9CEB8-8B4A-11D0-8D11-00A0C91BC942}") = "liblept-170", "liblept\leptonica.vcxproj", "{1D7AB886-BECA-4A97-89CE-7381D3F5DE00}"
	ProjectSection(ProjectDependencies) = postProject
		{C13F9A1D-8E91-4239-ABF1-E0F01F6DBADB} = {C13F9A1D-8E91-4239-ABF1-E0F01F6DBADB}
		{745DEC58-EBB3-47A9-A9B8-4C6627C01BF8} = {745DEC58-EBB3-47A9-A9B8-4C6627C01BF8}
		{4DBDD367-E521-44E0-AEC4-978DC3A589B0} = {4DBDD367-E521-44E0-AEC4-978DC3A589B0}
		{E61592E1-28F4-4AFC-9EE1-9BE833A061C1} = {E61592E1-28F4-4AFC-9EE1-9BE833A061C1}
		{0402F7E8-9BE8-4D59-A789-BBB96B284856} = {0402F7E8-9BE8-4D59-A789-BBB96B284856}
	EndProjectSection
EndProject
Project("{8BC9CEB8-8B4A-11D0-8D11-00A0C91BC942}") = "zlib-128", "zlib\zlibstat.vcxproj", "{745DEC58-EBB3-47A9-A9B8-4C6627C01BF8}"
EndProject
Project("{8BC9CEB8-8B4A-11D0-8D11-00A0C91BC942}") = "libjpeg-8c", "libjpeg\jpeg.vcxproj", "{E61592E1-28F4-4AFC-9EE1-9BE833A061C1}"
EndProject
Project("{8BC9CEB8-8B4A-11D0-8D11-00A0C91BC942}") = "libpng-143", "libpng\libpng.vcxproj", "{0008960E-E0DD-41A6-8265-00B31DDB4C21}"
	ProjectSection(ProjectDependencies) = postProject
		{745DEC58-EBB3-47A9-A9B8-4C6627C01BF8} = {745DEC58-EBB3-47A9-A9B8-4C6627C01BF8}
	EndProjectSection
EndProject
Project("{8BC9CEB8-8B4A-11D0-8D11-00A0C91BC942}") = "libtiff-394", "libtiff\libtiff\libtiff.vcxproj", "{0402F7E8-9BE8-4D59-A789-BBB96B284856}"
	ProjectSection(ProjectDependencies) = postProject
		{745DEC58-EBB3-47A9-A9B8-4C6627C01BF8} = {745DEC58-EBB3-47A9-A9B8-4C6627C01BF8}
		{E61592E1-28F4-4AFC-9EE1-9BE833A061C1} = {E61592E1-28F4-4AFC-9EE1-9BE833A061C1}
	EndProjectSection
EndProject
Project("{8BC9CEB8-8B4A-11D0-8D11-00A0C91BC942}") = "giflib-416", "giflib\giflib.vcxproj", "{C13F9A1D-8E91-4239-ABF1-E0F01F6DBADB}"
EndProject
Project("{8BC9CEB8-8B4A-11D0-8D11-00A0C91BC942}") = "libpng1629", "libpng1629\libpng1629.vcxproj", "{4DBDD367-E521-44E0-AEC4-978DC3A589B0}"
	ProjectSection(ProjectDependencies) = postProject
		{745DEC58-EBB3-47A9-A9B8-4C6627C01BF8} = {745DEC58-EBB3-47A9-A9B8-4C6627C01BF8}
	EndProjectSection
EndProject
Global
	GlobalSection(SolutionConfigurationPlatforms) = preSolution
		Debug|Win32 = Debug|Win32
		Debug|x64 = Debug|x64
		DLL_Debug|Win32 = DLL_Debug|Win32
		DLL_Debug|x64 = DLL_Debug|x64
		DLL_Release|Win32 = DLL_Release|Win32
		DLL_Release|x64 = DLL_Release|x64
		LIB_Debug|Win32 = LIB_Debug|Win32
		LIB_Debug|x64 = LIB_Debug|x64
		LIB_Release|Win32 = LIB_Release|Win32
		LIB_Release|x64 = LIB_Release|x64
		Release|Win32 = Release|Win32
		Release|x64 = Release|x64
	EndGlobalSection
	GlobalSection(ProjectConfigurationPlatforms) = postSolution
		{1D7AB886-BECA-4A97-89CE-7381D3F5DE00}.Debug|Win32.ActiveCfg = LIB_Debug|Win32
		{1D7AB886-BECA-4A97-89CE-7381D3F5DE00}.Debug|Win32.Build.0 = LIB_Debug|Win32
		{1D7AB886-BECA-4A97-89CE-7381D3F5DE00}.Debug|x64.ActiveCfg = LIB_Debug|x64
		{1D7AB886-BECA-4A97-89CE-7381D3F5DE00}.Debug|x64.Build.0 = LIB_Debug|x64
		{1D7AB886-BECA-4A97-89CE-7381D3F5DE00}.DLL_Debug|Win32.ActiveCfg = DLL_Debug|Win32
		{1D7AB886-BECA-4A97-89CE-7381D3F5DE00}.DLL_Debug|Win32.Build.0 = DLL_Debug|Win32
		{1D7AB886-BECA-4A97-89CE-7381D3F5DE00}.DLL_Debug|x64.ActiveCfg = DLL_Debug|x64
		{1D7AB886-BECA-4A97-89CE-7381D3F5DE00}.DLL_Debug|x64.Build.0 = DLL_Debug|x64
		{1D7AB886-BECA-4A97-89CE-7381D3F5DE00}.DLL_Release|Win32.ActiveCfg = DLL_Release|Win32
		{1D7AB886-BECA-4A97-89CE-7381D3F5DE00}.DLL_Release|Win32.Build.0 = DLL_Release|Win32
		{1D7AB886-BECA-4A97-89CE-7381D3F5DE00}.DLL_Release|x64.ActiveCfg = DLL_Release|x64
		{1D7AB886-BECA-4A97-89CE-7381D3F5DE00}.DLL_Release|x64.Build.0 = DLL_Release|x64
		{1D7AB886-BECA-4A97-89CE-7381D3F5DE00}.LIB_Debug|Win32.ActiveCfg = LIB_Debug|Win32
		{1D7AB886-BECA-4A97-89CE-7381D3F5DE00}.LIB_Debug|Win32.Build.0 = LIB_Debug|Win32
		{1D7AB886-BECA-4A97-89CE-7381D3F5DE00}.LIB_Debug|x64.ActiveCfg = LIB_Debug|x64
		{1D7AB886-BECA-4A97-89CE-7381D3F5DE00}.LIB_Debug|x64.Build.0 = LIB_Debug|x64
		{1D7AB886-BECA-4A97-89CE-7381D3F5DE00}.LIB_Release|Win32.ActiveCfg = LIB_Release|Win32
		{1D7AB886-BECA-4A97-89CE-7381D3F5DE00}.LIB_Release|Win32.Build.0 = LIB_Release|Win32
		{1D7AB886-BECA-4A97-89CE-7381D3F5DE00}.LIB_Release|x64.ActiveCfg = LIB_Release|x64
		{1D7AB886-BECA-4A97-89CE-7381D3F5DE00}.LIB_Release|x64.Build.0 = LIB_Release|x64
		{1D7AB886-BECA-4A97-89CE-7381D3F5DE00}.Release|Win32.ActiveCfg = DLL_Release|Win32
		{1D7AB886-BECA-4A97-89CE-7381D3F5DE00}.Release|Win32.Build.0 = DLL_Release|Win32
		{1D7AB886-BECA-4A97-89CE-7381D3F5DE00}.Release|x64.ActiveCfg = DLL_Release|x64
		{1D7AB886-BECA-4A97-89CE-7381D3F5DE00}.Release|x64.Build.0 = DLL_Release|x64
		{745DEC58-EBB3-47A9-A9B8-4C6627C01BF8}.Debug|Win32.ActiveCfg = Debug|Win32
		{745DEC58-EBB3-47A9-A9B8-4C6627C01BF8}.Debug|Win32.Build.0 = Debug|Win32
		{745DEC58-EBB3-47A9-A9B8-4C6627C01BF8}.Debug|x64.ActiveCfg = Debug|x64
		{745DEC58-EBB3-47A9-A9B8-4C6627C01BF8}.Debug|x64.Build.0 = Debug|x64
		{745DEC58-EBB3-47A9-A9B8-4C6627C01BF8}.DLL_Debug|Win32.ActiveCfg = Debug|Win32
		{745DEC58-EBB3-47A9-A9B8-4C6627C01BF8}.DLL_Debug|Win32.Build.0 = Debug|Win32
		{745DEC58-EBB3-47A9-A9B8-4C6627C01BF8}.DLL_Debug|x64.ActiveCfg = Debug|x64
		{745DEC58-EBB3-47A9-A9B8-4C6627C01BF8}.DLL_Debug|x64.Build.0 = Debug|x64
		{745DEC58-EBB3-47A9-A9B8-4C6627C01BF8}.DLL_Release|Win32.ActiveCfg = Release|Win32
		{745DEC58-EBB3-47A9-A9B8-4C6627C01BF8}.DLL_Release|Win32.Build.0 = Release|Win32
		{745DEC58-EBB3-47A9-A9B8-4C6627C01BF8}.DLL_Release|x64.ActiveCfg = Release|x64
		{745DEC58-EBB3-47A9-A9B8-4C6627C01BF8}.DLL_Release|x64.Build.0 = Release|x64
		{745DEC58-EBB3-47A9-A9B8-4C6627C01BF8}.LIB_Debug|Win32.ActiveCfg = Debug|Win32
		{745DEC58-EBB3-47A9-A9B8-4C6627C01BF8}.LIB_Debug|Win32.Build.0 = Debug|Win32
		{745DEC58-EBB3-47A9-A9B8-4C6627C01BF8}.LIB_Debug|x64.ActiveCfg = Debug|x64
		{745DEC58-EBB3-47A9-A9B8-4C6627C01BF8}.LIB_Debug|x64.Build.0 = Debug|x64
		{745DEC58-EBB3-47A9-A9B8-4C6627C01BF8}.LIB_Release|Win32.ActiveCfg = Release|Win32
		{745DEC58-EBB3-47A9-A9B8-4C6627C01BF8}.LIB_Release|Win32.Build.0 = Release|Win32
		{745DEC58-EBB3-47A9-A9B8-4C6627C01BF8}.LIB_Release|x64.ActiveCfg = Release|x64
		{745DEC58-EBB3-47A9-A9B8-4C6627C01BF8}.LIB_Release|x64.Build.0 = Release|x64
		{745DEC58-EBB3-47A9-A9B8-4C6627C01BF8}.Release|Win32.ActiveCfg = Release|Win32
		{745DEC58-EBB3-47A9-A9B8-4C6627C01BF8}.Release|Win32.Build.0 = Release|Win32
		{745DEC58-EBB3-47A9-A9B8-4C6627C01BF8}.Release|x64.ActiveCfg = Release|x64
		{745DEC58-EBB3-47A9-A9B8-4C6627C01BF8}.Release|x64.Build.0 = Release|x64
		{E61592E1-28F4-4AFC-9EE1-9BE833A061C1}.Debug|Win32.ActiveCfg = Debug|Win32
		{E61592E1-28F4-4AFC-9EE1-9BE833A061C1}.Debug|Win32.Build.0 = Debug|Win32
		{E61592E1-28F4-4AFC-9EE1-9BE833A061C1}.Debug|x64.ActiveCfg = Debug|x64
		{E61592E1-28F4-4AFC-9EE1-9BE833A061C1}.Debug|x64.Build.0 = Debug|x64
		{E61592E1-28F4-4AFC-9EE1-9BE833A061C1}.DLL_Debug|Win32.ActiveCfg = Debug|Win32
		{E61592E1-28F4-4AFC-9EE1-9BE833A061C1}.DLL_Debug|Win32.Build.0 = Debug|Win32
		{E61592E1-28F4-4AFC-9EE1-9BE833A061C1}.DLL_Debug|x64.ActiveCfg = Debug|x64
		{E61592E1-28F4-4AFC-9EE1-9BE833A061C1}.DLL_Debug|x64.Build.0 = Debug|x64
		{E61592E1-28F4-4AFC-9EE1-9BE833A061C1}.DLL_Release|Win32.ActiveCfg = Release|Win32
		{E61592E1-28F4-4AFC-9EE1-9BE833A061C1}.DLL_Release|Win32.Build.0 = Release|Win32
		{E61592E1-28F4-4AFC-9EE1-9BE833A061C1}.DLL_Release|x64.ActiveCfg = Release|x64
		{E61592E1-28F4-4AFC-9EE1-9BE833A061C1}.DLL_Release|x64.Build.0 = Release|x64
		{E61592E1-28F4-4AFC-9EE1-9BE833A061C1}.LIB_Debug|Win32.ActiveCfg = Debug|Win32
		{E61592E1-28F4-4AFC-9EE1-9BE833A061C1}.LIB_Debug|Win32.Build.0 = Debug|Win32
		{E61592E1-28F4-4AFC-9EE1-9BE833A061C1}.LIB_Debug|x64.ActiveCfg = Debug|x64
		{E61592E1-28F4-4AFC-9EE1-9BE833A061C1}.LIB_Debug|x64.Build.0 = Debug|x64
		{E61592E1-28F4-4AFC-9EE1-9BE833A061C1}.LIB_Release|Win32.ActiveCfg = Release|Win32
		{E61592E1-28F4-4AFC-9EE1-9BE833A061C1}.LIB_Release|Win32.Build.0 = Release|Win32
		{E61592E1-28F4-4AFC-9EE1-9BE833A061C1}.LIB_Release|x64.ActiveCfg = Release|x64
		{E61592E1-28F4-4AFC-9EE1-9BE833A061C1}.LIB_Release|x64.Build.0 = Release|x64
		{E61592E1-28F4-4AFC-9EE1-9BE833A061C1}.Release|Win32.ActiveCfg = Release|Win32
		{E61592E1-28F4-4AFC-9EE1-9BE833A061C1}.Release|Win32.Build.0 = Release|Win32
		{E61592E1-28F4-4AFC-9EE1-9BE833A061C1}.Release|x64.ActiveCfg = Release|x64
		{E61592E1-28F4-4AFC-9EE1-9BE833A061C1}.Release|x64.Build.0 = Release|x64
		{0008960E-E0DD-41A6-8265-00B31DDB4C21}.Debug|Win32.ActiveCfg = Debug|Win32
		{0008960E-E0DD-41A6-8265-00B31DDB4C21}.Debug|Win32.Build.0 = Debug|Win32
		{0008960E-E0DD-41A6-8265-00B31DDB4C21}.Debug|x64.ActiveCfg = Debug|x64
		{0008960E-E0DD-41A6-8265-00B31DDB4C21}.Debug|x64.Build.0 = Debug|x64
		{0008960E-E0DD-41A6-8265-00B31DDB4C21}.DLL_Debug|Win32.ActiveCfg = Debug|Win32
		{0008960E-E0DD-41A6-8265-00B31DDB4C21}.DLL_Debug|Win32.Build.0 = Debug|Win32
		{0008960E-E0DD-41A6-8265-00B31DDB4C21}.DLL_Debug|x64.ActiveCfg = Debug|x64
		{0008960E-E0DD-41A6-8265-00B31DDB4C21}.DLL_Debug|x64.Build.0 = Debug|x64
		{0008960E-E0DD-41A6-8265-00B31DDB4C21}.DLL_Release|Win32.ActiveCfg = Release|Win32
		{0008960E-E0DD-41A6-8265-00B31DDB4C21}.DLL_Release|Win32.Build.0 = Release|Win32
		{0008960E-E0DD-41A6-8265-00B31DDB4C21}.DLL_Release|x64.ActiveCfg = Release|x64
		{0008960E-E0DD-41A6-8265-00B31DDB4C21}.DLL_Release|x64.Build.0 = Release|x64
		{0008960E-E0DD-41A6-8265-00B31DDB4C21}.LIB_Debug|Win32.ActiveCfg = Debug|Win32
		{0008960E-E0DD-41A6-8265-00B31DDB4C21}.LIB_Debug|Win32.Build.0 = Debug|Win32
		{0008960E-E0DD-41A6-8265-00B31DDB4C21}.LIB_Debug|x64.ActiveCfg = Debug|x64
		{0008960E-E0DD-41A6-8265-00B31DDB4C21}.LIB_Debug|x64.Build.0 = Debug|x64
		{0008960E-E0DD-41A6-8265-00B31DDB4C21}.LIB_Release|Win32.ActiveCfg = Release|Win32
		{0008960E-E0DD-41A6-8265-00B31DDB4C21}.LIB_Release|Win32.Build.0 = Release|Win32
		{0008960E-E0DD-41A6-8265-00B31DDB4C21}.LIB_Release|x64.ActiveCfg = Release|x64
		{0008960E-E0DD-41A6-8265-00B31DDB4C21}.LIB_Release|x64.Build.0 = Release|x64
		{0008960E-E0DD-41A6-8265-00B31DDB4C21}.Release|Win32.ActiveCfg = Release|Win32
		{0008960E-E0DD-41A6-8265-00B31DDB4C21}.Release|Win32.Build.0 = Release|Win32
		{0008960E-E0DD-41A6-8265-00B31DDB4C21}.Release|x64.ActiveCfg = Release|x64
		{0008960E-E0DD-41A6-8265-00B31DDB4C21}.Release|x64.Build.0 = Release|x64
		{0402F7E8-9BE8-4D59-A789-BBB96B284856}.Debug|Win32.ActiveCfg = Debug|Win32
		{0402F7E8-9BE8-4D59-A789-BBB96B284856}.Debug|Win32.Build.0 = Debug|Win32
		{0402F7E8-9BE8-4D59-A789-BBB96B284856}.Debug|x64.ActiveCfg = Debug|x64
		{0402F7E8-9BE8-4D59-A789-BBB96B284856}.Debug|x64.Build.0 = Debug|x64
		{0402F7E8-9BE8-4D59-A789-BBB96B284856}.DLL_Debug|Win32.ActiveCfg = Debug|Win32
		{0402F7E8-9BE8-4D59-A789-BBB96B284856}.DLL_Debug|Win32.Build.0 = Debug|Win32
		{0402F7E8-9BE8-4D59-A789-BBB96B284856}.DLL_Debug|x64.ActiveCfg = Debug|x64
		{0402F7E8-9BE8-4D59-A789-BBB96B284856}.DLL_Debug|x64.Build.0 = Debug|x64
		{0402F7E8-9BE8-4D59-A789-BBB96B284856}.DLL_Release|Win32.ActiveCfg = Release|Win32
		{0402F7E8-9BE8-4D59-A789-BBB96B284856}.DLL_Release|Win32.Build.0 = Release|Win32
		{0402F7E8-9BE8-4D59-A789-BBB96B284856}.DLL_Release|x64.ActiveCfg = Release|x64
		{0402F7E8-9BE8-4D59-A789-BBB96B284856}.DLL_Release|x64.Build.0 = Release|x64
		{0402F7E8-9BE8-4D59-A789-BBB96B284856}.LIB_Debug|Win32.ActiveCfg = Debug|Win32
		{0402F7E8-9BE8-4D59-A789-BBB96B284856}.LIB_Debug|Win32.Build.0 = Debug|Win32
		{0402F7E8-9BE8-4D59-A789-BBB96B284856}.LIB_Debug|x64.ActiveCfg = Debug|x64
		{0402F7E8-9BE8-4D59-A789-BBB96B284856}.LIB_Debug|x64.Build.0 = Debug|x64
		{0402F7E8-9BE8-4D59-A789-BBB96B284856}.LIB_Release|Win32.ActiveCfg = Release|Win32
		{0402F7E8-9BE8-4D59-A789-BBB96B284856}.LIB_Release|Win32.Build.0 = Release|Win32
		{0402F7E8-9BE8-4D59-A789-BBB96B284856}.LIB_Release|x64.ActiveCfg = Release|x64
		{0402F7E8-9BE8-4D59-A789-BBB96B284856}.LIB_Release|x64.Build.0 = Release|x64
		{0402F7E8-9BE8-4D59-A789-BBB96B284856}.Release|Win32.ActiveCfg = Release|Win32
		{0402F7E8-9BE8-4D59-A789-BBB96B284856}.Release|Win32.Build.0 = Release|Win32
		{0402F7E8-9BE8-4D59-A789-BBB96B284856}.Release|x64.ActiveCfg = Release|x64
		{0402F7E8-9BE8-4D59-A789-BBB96B284856}.Release|x64.Build.0 = Release|x64
		{C13F9A1D-8E91-4239-ABF1-E0F01F6DBADB}.Debug|Win32.ActiveCfg = Debug|Win32
		{C13F9A1D-8E91-4239-ABF1-E0F01F6DBADB}.Debug|Win32.Build.0 = Debug|Win32
		{C13F9A1D-8E91-4239-ABF1-E0F01F6DBADB}.Debug|x64.ActiveCfg = Debug|x64
		{C13F9A1D-8E91-4239-ABF1-E0F01F6DBADB}.Debug|x64.Build.0 = Debug|x64
		{C13F9A1D-8E91-4239-ABF1-E0F01F6DBADB}.DLL_Debug|Win32.ActiveCfg = Debug|Win32
		{C13F9A1D-8E91-4239-ABF1-E0F01F6DBADB}.DLL_Debug|Win32.Build.0 = Debug|Win32
		{C13F9A1D-8E91-4239-ABF1-E0F01F6DBADB}.DLL_Debug|x64.ActiveCfg = Debug|x64
		{C13F9A1D-8E91-4239-ABF1-E0F01F6DBADB}.DLL_Debug|x64.Build.0 = Debug|x64
		{C13F9A1D-8E91-4239-ABF1-E0F01F6DBADB}.DLL_Release|Win32.ActiveCfg = Release|Win32
		{C13F9A1D-8E91-4239-ABF1-E0F01F6DBADB}.DLL_Release|Win32.Build.0 = Release|Win32
		{C13F9A1D-8E91-4239-ABF1-E0F01F6DBADB}.DLL_Release|x64.ActiveCfg = Release|x64
		{C13F9A1D-8E91-4239-ABF1-E0F01F6DBADB}.DLL_Release|x64.Build.0 = Release|x64
		{C13F9A1D-8E91-4239-ABF1-E0F01F6DBADB}.LIB_Debug|Win32.ActiveCfg = Debug|Win32
		{C13F9A1D-8E91-4239-ABF1-E0F01F6DBADB}.LIB_Debug|Win32.Build.0 = Debug|Win32
		{C13F9A1D-8E91-4239-ABF1-E0F01F6DBADB}.LIB_Debug|x64.ActiveCfg = Debug|x64
		{C13F9A1D-8E91-4239-ABF1-E0F01F6DBADB}.LIB_Debug|x64.Build.0 = Debug|x64
		{C13F9A1D-8E91-4239-ABF1-E0F01F6DBADB}.LIB_Release|Win32.ActiveCfg = Release|Win32
		{C13F9A1D-8E91-4239-ABF1-E0F01F6DBADB}.LIB_Release|Win32.Build.0 = Release|Win32
		{C13F9A1D-8E91-4239-ABF1-E0F01F6DBADB}.LIB_Release|x64.ActiveCfg = Release|x64
		{C13F9A1D-8E91-4239-ABF1-E0F01F6DBADB}.LIB_Release|x64.Build.0 = Release|x64
		{C13F9A1D-8E91-4239-ABF1-E0F01F6DBADB}.Release|Win32.ActiveCfg = Release|Win32
		{C13F9A1D-8E91-4239-ABF1-E0F01F6DBADB}.Release|Win32.Build.0 = Release|Win32
		{C13F9A1D-8E91-4239-ABF1-E0F01F6DBADB}.Release|x64.ActiveCfg = Release|x64
		{C13F9A1D-8E91-4239-ABF1-E0F01F6DBADB}.Release|x64.Build.0 = Release|x64
		{4DBDD367-E521-44E0-AEC4-978DC3A589B0}.Debug|Win32.ActiveCfg = Debug|Win32
		{4DBDD367-E521-44E0-AEC4-978DC3A589B0}.Debug|Win32.Build.0 = Debug|Win32
		{4DBDD367-E521-44E0-AEC4-978DC3A589B0}.Debug|x64.ActiveCfg = Debug|Win32
		{4DBDD367-E521-44E0-AEC4-978DC3A589B0}.DLL_Debug|Win32.ActiveCfg = Debug|Win32
		{4DBDD367-E521-44E0-AEC4-978DC3A589B0}.DLL_Debug|Win32.Build.0 = Debug|Win32
		{4DBDD367-E521-44E0-AEC4-978DC3A589B0}.DLL_Debug|x64.ActiveCfg = Debug|Win32
		{4DBDD367-E521-44E0-AEC4-978DC3A589B0}.DLL_Release|Win32.ActiveCfg = Release|Win32
		{4DBDD367-E521-44E0-AEC4-978DC3A589B0}.DLL_Release|Win32.Build.0 = Release|Win32
		{4DBDD367-E521-44E0-AEC4-978DC3A589B0}.DLL_Release|x64.ActiveCfg = Release|Win32
		{4DBDD367-E521-44E0-AEC4-978DC3A589B0}.LIB_Debug|Win32.ActiveCfg = Debug|Win32
		{4DBDD367-E521-44E0-AEC4-978DC3A589B0}.LIB_Debug|Win32.Build.0 = Debug|Win32
		{4DBDD367-E521-44E0-AEC4-978DC3A589B0}.LIB_Debug|x64.ActiveCfg = Debug|Win32
		{4DBDD367-E521-44E0-AEC4-978DC3A589B0}.LIB_Release|Win32.ActiveCfg = Release|Win32
		{4DBDD367-E521-44E0-AEC4-978DC3A589B0}.LIB_Release|Win32.Build.0 = Release|Win32
		{4DBDD367-E521-44E0-AEC4-978DC3A589B0}.LIB_Release|x64.ActiveCfg = Release|Win32
		{4DBDD367-E521-44E0-AEC4-978DC3A589B0}.Release|Win32.ActiveCfg = Release|Win32
		{4DBDD367-E521-44E0-AEC4-978DC3A589B0}.Release|Win32.Build.0 = Release|Win32
		{4DBDD367-E521-44E0-AEC4-978DC3A589B0}.Release|x64.ActiveCfg = Release|Win32
	EndGlobalSection
	GlobalSection(SolutionProperties) = preSolution
		HideSolutionNode = FALSE
	EndGlobalSection
EndGlobal
